
Microsoft Visual Studio Solution File, Format Version 12.00
Project("{FAE04EC0-301F-11D3-BF4B-00C04F79EFBC}") = "ValueTypeReferenceType", "ValueTypeReferenceType.csproj", "{3F0D43C2-44CA-4020-B0BD-DEEAC7DF22DA}"
EndProject
Global
	GlobalSection(SolutionConfigurationPlatforms) = preSolution
		Debug|Any CPU = Debug|Any CPU
		Release|Any CPU = Release|Any CPU
	EndGlobalSection
	GlobalSection(ProjectConfigurationPlatforms) = postSolution
		{3F0D43C2-44CA-4020-B0BD-DEEAC7DF22DA}.Debug|Any CPU.ActiveCfg = Debug|Any CPU
		{3F0D43C2-44CA-4020-B0BD-DEEAC7DF22DA}.Debug|Any CPU.Build.0 = Debug|Any CPU
		{3F0D43C2-44CA-4020-B0BD-DEEAC7DF22DA}.Release|Any CPU.ActiveCfg = Release|Any CPU
		{3F0D43C2-44CA-4020-B0BD-DEEAC7DF22DA}.Release|Any CPU.Build.0 = Release|Any CPU
	EndGlobalSection
EndGlobal
