
Microsoft Visual Studio Solution File, Format Version 12.00
Project("{FAE04EC0-301F-11D3-BF4B-00C04F79EFBC}") = "Namespace", "Namespace.csproj", "{7CC24E37-304E-4DD7-B89C-D7CC99ED2490}"
EndProject
Global
	GlobalSection(SolutionConfigurationPlatforms) = preSolution
		Debug|Any CPU = Debug|Any CPU
		Release|Any CPU = Release|Any CPU
	EndGlobalSection
	GlobalSection(ProjectConfigurationPlatforms) = postSolution
		{7CC24E37-304E-4DD7-B89C-D7CC99ED2490}.Debug|Any CPU.ActiveCfg = Debug|Any CPU
		{7CC24E37-304E-4DD7-B89C-D7CC99ED2490}.Debug|Any CPU.Build.0 = Debug|Any CPU
		{7CC24E37-304E-4DD7-B89C-D7CC99ED2490}.Release|Any CPU.ActiveCfg = Release|Any CPU
		{7CC24E37-304E-4DD7-B89C-D7CC99ED2490}.Release|Any CPU.Build.0 = Release|Any CPU
	EndGlobalSection
EndGlobal
