
Microsoft Visual Studio Solution File, Format Version 12.00
Project("{FAE04EC0-301F-11D3-BF4B-00C04F79EFBC}") = "Class", "Class.csproj", "{29D16A07-FCC7-474F-9F29-E9759EA503EC}"
EndProject
Global
	GlobalSection(SolutionConfigurationPlatforms) = preSolution
		Debug|Any CPU = Debug|Any CPU
		Release|Any CPU = Release|Any CPU
	EndGlobalSection
	GlobalSection(ProjectConfigurationPlatforms) = postSolution
		{29D16A07-FCC7-474F-9F29-E9759EA503EC}.Debug|Any CPU.ActiveCfg = Debug|Any CPU
		{29D16A07-FCC7-474F-9F29-E9759EA503EC}.Debug|Any CPU.Build.0 = Debug|Any CPU
		{29D16A07-FCC7-474F-9F29-E9759EA503EC}.Release|Any CPU.ActiveCfg = Release|Any CPU
		{29D16A07-FCC7-474F-9F29-E9759EA503EC}.Release|Any CPU.Build.0 = Release|Any CPU
	EndGlobalSection
EndGlobal
