
Microsoft Visual Studio Solution File, Format Version 12.00
Project("{FAE04EC0-301F-11D3-BF4B-00C04F79EFBC}") = "FunctionsOfDictionary", "FunctionsOfDictionary.csproj", "{BE663FD1-DD08-4ED5-A277-A2770CA0BC57}"
EndProject
Global
	GlobalSection(SolutionConfigurationPlatforms) = preSolution
		Debug|Any CPU = Debug|Any CPU
		Release|Any CPU = Release|Any CPU
	EndGlobalSection
	GlobalSection(ProjectConfigurationPlatforms) = postSolution
		{BE663FD1-DD08-4ED5-A277-A2770CA0BC57}.Debug|Any CPU.ActiveCfg = Debug|Any CPU
		{BE663FD1-DD08-4ED5-A277-A2770CA0BC57}.Debug|Any CPU.Build.0 = Debug|Any CPU
		{BE663FD1-DD08-4ED5-A277-A2770CA0BC57}.Release|Any CPU.ActiveCfg = Release|Any CPU
		{BE663FD1-DD08-4ED5-A277-A2770CA0BC57}.Release|Any CPU.Build.0 = Release|Any CPU
	EndGlobalSection
EndGlobal
