
Microsoft Visual Studio Solution File, Format Version 12.00
Project("{FAE04EC0-301F-11D3-BF4B-00C04F79EFBC}") = "CSharpIdioms", "CSharpIdioms.csproj", "{6C8917D0-540A-47DB-B7B4-450FA9CFA4F8}"
EndProject
Global
	GlobalSection(SolutionConfigurationPlatforms) = preSolution
		Debug|Any CPU = Debug|Any CPU
		Release|Any CPU = Release|Any CPU
	EndGlobalSection
	GlobalSection(ProjectConfigurationPlatforms) = postSolution
		{6C8917D0-540A-47DB-B7B4-450FA9CFA4F8}.Debug|Any CPU.ActiveCfg = Debug|Any CPU
		{6C8917D0-540A-47DB-B7B4-450FA9CFA4F8}.Debug|Any CPU.Build.0 = Debug|Any CPU
		{6C8917D0-540A-47DB-B7B4-450FA9CFA4F8}.Release|Any CPU.ActiveCfg = Release|Any CPU
		{6C8917D0-540A-47DB-B7B4-450FA9CFA4F8}.Release|Any CPU.Build.0 = Release|Any CPU
	EndGlobalSection
EndGlobal
