
Microsoft Visual Studio Solution File, Format Version 12.00
Project("{FAE04EC0-301F-11D3-BF4B-00C04F79EFBC}") = "List", "List.csproj", "{E5F97F29-8684-4579-B2DC-324F4BEFEC25}"
EndProject
Global
	GlobalSection(SolutionConfigurationPlatforms) = preSolution
		Debug|Any CPU = Debug|Any CPU
		Release|Any CPU = Release|Any CPU
	EndGlobalSection
	GlobalSection(ProjectConfigurationPlatforms) = postSolution
		{E5F97F29-8684-4579-B2DC-324F4BEFEC25}.Debug|Any CPU.ActiveCfg = Debug|Any CPU
		{E5F97F29-8684-4579-B2DC-324F4BEFEC25}.Debug|Any CPU.Build.0 = Debug|Any CPU
		{E5F97F29-8684-4579-B2DC-324F4BEFEC25}.Release|Any CPU.ActiveCfg = Release|Any CPU
		{E5F97F29-8684-4579-B2DC-324F4BEFEC25}.Release|Any CPU.Build.0 = Release|Any CPU
	EndGlobalSection
EndGlobal
